<?xml version="1.0" encoding="utf-8"?>
<Project ToolsVersion="4.0" xmlns="http://schemas.microsoft.com/developer/msbuild/2003">
  <ItemGroup>
    <Filter Include="Source Files">
      <UniqueIdentifier>{4FC737F1-C7A5-4376-A066-2A32D752A2FF}</UniqueIdentifier>
      <Extensions>cpp;c;cc;cxx;def;odl;idl;hpj;bat;asm;asmx</Extensions>
    </Filter>
    <Filter Include="Header Files">
      <UniqueIdentifier>{93995380-89BD-4b04-88EB-625FBE52EBFB}</UniqueIdentifier>
      <Extensions>h;hpp;hxx;hm;inl;inc;xsd</Extensions>
    </Filter>
    <Filter Include="Shiny">
      <UniqueIdentifier>{63b77cfc-1383-4570-a352-f78fb3755353}</UniqueIdentifier>
    </Filter>
    <Filter Include="Resource Files">
      <UniqueIdentifier>{67DA6AB6-F800-4c08-8B7A-83BB121AAD01}</UniqueIdentifier>
      <Extensions>rc;ico;cur;bmp;dlg;rc2;rct;bin;rgs;gif;jpg;jpeg;jpe;resx;tiff;tif;png;wav</Extensions>
    </Filter>
  </ItemGroup>
  <ItemGroup>
    <ClInclude Include="..\include\bss_algo.h">
      <Filter>Header Files</Filter>
    </ClInclude>
    <ClInclude Include="..\include\bss_alloc.h">
      <Filter>Header Files</Filter>
    </ClInclude>
    <ClInclude Include="..\include\bss_alloc_additive.h">
      <Filter>Header Files</Filter>
    </ClInclude>
    <ClInclude Include="..\include\bss_alloc_fixed.h">
      <Filter>Header Files</Filter>
    </ClInclude>
    <ClInclude Include="..\include\bss_compare.h">
      <Filter>Header Files</Filter>
    </ClInclude>
    <ClInclude Include="..\include\bss_compiler.h">
      <Filter>Header Files</Filter>
    </ClInclude>
    <ClInclude Include="..\include\bss_DebugInfo.h">
      <Filter>Header Files</Filter>
    </ClInclude>
    <ClInclude Include="..\include\bss_defines.h">
      <Filter>Header Files</Filter>
    </ClInclude>
    <ClInclude Include="..\include\bss_deprecated.h">
      <Filter>Header Files</Filter>
    </ClInclude>
    <ClInclude Include="..\include\bss_fixedpt.h">
      <Filter>Header Files</Filter>
    </ClInclude>
    <ClInclude Include="..\include\bss_literals.h">
      <Filter>Header Files</Filter>
    </ClInclude>
    <ClInclude Include="..\include\bss_Log.h">
      <Filter>Header Files</Filter>
    </ClInclude>
    <ClInclude Include="..\include\bss_sse.h">
      <Filter>Header Files</Filter>
    </ClInclude>
    <ClInclude Include="..\include\bss_util.h">
      <Filter>Header Files</Filter>
    </ClInclude>
    <ClInclude Include="..\include\bss_util_c.h">
      <Filter>Header Files</Filter>
    </ClInclude>
    <ClInclude Include="..\include\bss_win32_includes.h">
      <Filter>Header Files</Filter>
    </ClInclude>
    <ClInclude Include="..\include\cAliasTable.h">
      <Filter>Header Files</Filter>
    </ClInclude>
    <ClInclude Include="..\include\cArrayCircular.h">
      <Filter>Header Files</Filter>
    </ClInclude>
    <ClInclude Include="..\include\cArraySimple.h">
      <Filter>Header Files</Filter>
    </ClInclude>
    <ClInclude Include="..\include\cArraySort.h">
      <Filter>Header Files</Filter>
    </ClInclude>
    <ClInclude Include="..\include\cAVLtree.h">
      <Filter>Header Files</Filter>
    </ClInclude>
    <ClInclude Include="..\include\cBinaryHeap.h">
      <Filter>Header Files</Filter>
    </ClInclude>
    <ClInclude Include="..\include\cBitArray.h">
      <Filter>Header Files</Filter>
    </ClInclude>
    <ClInclude Include="..\include\cBitField.h">
      <Filter>Header Files</Filter>
    </ClInclude>
    <ClInclude Include="..\include\cBSS_Stack.h">
      <Filter>Header Files</Filter>
    </ClInclude>
    <ClInclude Include="..\include\cByteQueue.h">
      <Filter>Header Files</Filter>
    </ClInclude>
    <ClInclude Include="..\include\cCmdLineArgs.h">
      <Filter>Header Files</Filter>
    </ClInclude>
    <ClInclude Include="..\include\cDef.h">
      <Filter>Header Files</Filter>
    </ClInclude>
    <ClInclude Include="..\include\cDynArray.h">
      <Filter>Header Files</Filter>
    </ClInclude>
    <ClInclude Include="..\include\cHighPrecisionTimer.h">
      <Filter>Header Files</Filter>
    </ClInclude>
    <ClInclude Include="..\include\cINIstorage.h">
      <Filter>Header Files</Filter>
    </ClInclude>
    <ClInclude Include="..\include\cKhash.h">
      <Filter>Header Files</Filter>
    </ClInclude>
    <ClInclude Include="..\include\cLinkedArray.h">
      <Filter>Header Files</Filter>
    </ClInclude>
    <ClInclude Include="..\include\cMap.h">
      <Filter>Header Files</Filter>
    </ClInclude>
    <ClInclude Include="..\include\cPriorityQueue.h">
      <Filter>Header Files</Filter>
    </ClInclude>
    <ClInclude Include="..\include\cRational.h">
      <Filter>Header Files</Filter>
    </ClInclude>
    <ClInclude Include="..\include\cRefCounter.h">
      <Filter>Header Files</Filter>
    </ClInclude>
    <ClInclude Include="..\include\cSettings.h">
      <Filter>Header Files</Filter>
    </ClInclude>
    <ClInclude Include="..\include\cSingleton.h">
      <Filter>Header Files</Filter>
    </ClInclude>
    <ClInclude Include="..\include\cStr.h">
      <Filter>Header Files</Filter>
    </ClInclude>
    <ClInclude Include="..\include\cStrTable.h">
      <Filter>Header Files</Filter>
    </ClInclude>
    <ClInclude Include="..\include\cThread.h">
      <Filter>Header Files</Filter>
    </ClInclude>
    <ClInclude Include="..\include\INIparse.h">
      <Filter>Header Files</Filter>
    </ClInclude>
    <ClInclude Include="..\include\khash.h">
      <Filter>Header Files</Filter>
    </ClInclude>
    <ClInclude Include="..\include\leaktest.h">
      <Filter>Header Files</Filter>
    </ClInclude>
    <ClInclude Include="..\include\LLBase.h">
      <Filter>Header Files</Filter>
    </ClInclude>
    <ClInclude Include="..\include\lockless.h">
      <Filter>Header Files</Filter>
    </ClInclude>
    <ClInclude Include="..\include\os.h">
      <Filter>Header Files</Filter>
    </ClInclude>
    <ClInclude Include="..\include\Shiny.h">
      <Filter>Header Files</Filter>
    </ClInclude>
    <ClInclude Include="..\include\StreamSplitter.h">
      <Filter>Header Files</Filter>
    </ClInclude>
    <ClInclude Include="..\include\cINIentry.h">
      <Filter>Header Files</Filter>
    </ClInclude>
    <ClInclude Include="..\include\cINIsection.h">
      <Filter>Header Files</Filter>
    </ClInclude>
    <ClInclude Include="..\include\cLocklessQueue.h">
      <Filter>Header Files</Filter>
    </ClInclude>
    <ClInclude Include="..\include\bss_dual.h">
      <Filter>Header Files</Filter>
    </ClInclude>
    <ClInclude Include="..\include\cTRBtree.h">
      <Filter>Header Files</Filter>
    </ClInclude>
    <ClInclude Include="..\include\AniTypeID.h">
      <Filter>Header Files</Filter>
    </ClInclude>
    <ClInclude Include="..\include\AniAttribute.h">
      <Filter>Header Files</Filter>
    </ClInclude>
    <ClInclude Include="..\include\delegate.h">
      <Filter>Header Files</Filter>
    </ClInclude>
    <ClInclude Include="..\include\cAnimation.h">
      <Filter>Header Files</Filter>
    </ClInclude>
    <ClInclude Include="..\include\cDisjointSet.h">
      <Filter>Header Files</Filter>
    </ClInclude>
    <ClInclude Include="..\include\cLinkedList.h">
      <Filter>Header Files</Filter>
    </ClInclude>
    <ClInclude Include="..\include\bss_alloc_fixed_MT.h">
      <Filter>Header Files</Filter>
    </ClInclude>
    <ClInclude Include="..\include\cScheduler.h">
      <Filter>Header Files</Filter>
    </ClInclude>
    <ClInclude Include="..\include\cKDTree.h">
      <Filter>Header Files</Filter>
    </ClInclude>
    <ClInclude Include="..\include\cTrie.h">
      <Filter>Header Files</Filter>
    </ClInclude>
    <ClInclude Include="..\include\cSmartPtr.h">
      <Filter>Header Files</Filter>
    </ClInclude>
  </ItemGroup>
  <ItemGroup>
    <ClCompile Include="bss_DebugInfo.cpp">
      <Filter>Source Files</Filter>
    </ClCompile>
    <ClCompile Include="bss_Log.cpp">
      <Filter>Source Files</Filter>
    </ClCompile>
    <ClCompile Include="bss_util.cpp">
      <Filter>Source Files</Filter>
    </ClCompile>
    <ClCompile Include="bss_util_c.c">
      <Filter>Source Files</Filter>
    </ClCompile>
    <ClCompile Include="cCmdLineArgs.cpp">
      <Filter>Source Files</Filter>
    </ClCompile>
    <ClCompile Include="cHighPrecisionTimer.cpp">
      <Filter>Source Files</Filter>
    </ClCompile>
    <ClCompile Include="cINIstorage.cpp">
      <Filter>Source Files</Filter>
    </ClCompile>
    <ClCompile Include="INIParser.c">
      <Filter>Source Files</Filter>
    </ClCompile>
    <ClCompile Include="ShinyManager.cpp">
      <Filter>Shiny</Filter>
    </ClCompile>
    <ClCompile Include="ShinyNode.cpp">
      <Filter>Shiny</Filter>
    </ClCompile>
    <ClCompile Include="ShinyNodePool.cpp">
      <Filter>Shiny</Filter>
    </ClCompile>
    <ClCompile Include="ShinyOutput.cpp">
      <Filter>Shiny</Filter>
    </ClCompile>
    <ClCompile Include="ShinyTools.cpp">
      <Filter>Shiny</Filter>
    </ClCompile>
    <ClCompile Include="cINIsection.cpp">
      <Filter>Source Files</Filter>
    </ClCompile>
    <ClCompile Include="cINIentry.cpp">
      <Filter>Source Files</Filter>
    </ClCompile>
  </ItemGroup>
  <ItemGroup>
    <ResourceCompile Include="bss_util.rc">
      <Filter>Resource Files</Filter>
    </ResourceCompile>
  </ItemGroup>
</Project>