<?xml version="1.0" encoding="utf-8"?>
<Project ToolsVersion="4.0" xmlns="http://schemas.microsoft.com/developer/msbuild/2003">
  <ItemGroup>
    <Filter Include="Source Files">
      <UniqueIdentifier>{4FC737F1-C7A5-4376-A066-2A32D752A2FF}</UniqueIdentifier>
      <Extensions>cpp;c;cc;cxx;def;odl;idl;hpj;bat;asm;asmx</Extensions>
    </Filter>
    <Filter Include="Header Files">
      <UniqueIdentifier>{93995380-89BD-4b04-88EB-625FBE52EBFB}</UniqueIdentifier>
      <Extensions>h;hpp;hxx;hm;inl;inc;xsd</Extensions>
    </Filter>
    <Filter Include="Resource Files">
      <UniqueIdentifier>{67DA6AB6-F800-4c08-8B7A-83BB121AAD01}</UniqueIdentifier>
      <Extensions>rc;ico;cur;bmp;dlg;rc2;rct;bin;rgs;gif;jpg;jpeg;jpe;resx;tiff;tif;png;wav</Extensions>
    </Filter>
  </ItemGroup>
  <ItemGroup>
    <ClInclude Include="..\include\bss-util\bss_util.h">
      <Filter>Header Files</Filter>
    </ClInclude>
    <ClInclude Include="..\include\bss-util\bss_util_c.h">
      <Filter>Header Files</Filter>
    </ClInclude>
    <ClInclude Include="..\include\bss-util\INIparse.h">
      <Filter>Header Files</Filter>
    </ClInclude>
    <ClInclude Include="..\include\bss-util\khash.h">
      <Filter>Header Files</Filter>
    </ClInclude>
    <ClInclude Include="..\include\bss-util\LLBase.h">
      <Filter>Header Files</Filter>
    </ClInclude>
    <ClInclude Include="..\include\bss-util\lockless.h">
      <Filter>Header Files</Filter>
    </ClInclude>
    <ClInclude Include="..\include\bss-util\os.h">
      <Filter>Header Files</Filter>
    </ClInclude>
    <ClInclude Include="..\include\bss-util\Dual.h">
      <Filter>Header Files</Filter>
    </ClInclude>
    <ClInclude Include="..\include\bss-util\FixedPt.h">
      <Filter>Header Files</Filter>
    </ClInclude>
    <ClInclude Include="..\include\bss-util\XML.h">
      <Filter>Header Files</Filter>
    </ClInclude>
    <ClInclude Include="..\include\bss-util\UBJSON.h">
      <Filter>Header Files</Filter>
    </ClInclude>
    <ClInclude Include="..\include\bss-util\Trie.h">
      <Filter>Header Files</Filter>
    </ClInclude>
    <ClInclude Include="..\include\bss-util\TRBtree.h">
      <Filter>Header Files</Filter>
    </ClInclude>
    <ClInclude Include="..\include\bss-util\TOML.h">
      <Filter>Header Files</Filter>
    </ClInclude>
    <ClInclude Include="..\include\bss-util\ThreadPool.h">
      <Filter>Header Files</Filter>
    </ClInclude>
    <ClInclude Include="..\include\bss-util\Thread.h">
      <Filter>Header Files</Filter>
    </ClInclude>
    <ClInclude Include="..\include\bss-util\Str.h">
      <Filter>Header Files</Filter>
    </ClInclude>
    <ClInclude Include="..\include\bss-util\Singleton.h">
      <Filter>Header Files</Filter>
    </ClInclude>
    <ClInclude Include="..\include\bss-util\Serializer.h">
      <Filter>Header Files</Filter>
    </ClInclude>
    <ClInclude Include="..\include\bss-util\Scheduler.h">
      <Filter>Header Files</Filter>
    </ClInclude>
    <ClInclude Include="..\include\bss-util\RefCounter.h">
      <Filter>Header Files</Filter>
    </ClInclude>
    <ClInclude Include="..\include\bss-util\Rational.h">
      <Filter>Header Files</Filter>
    </ClInclude>
    <ClInclude Include="..\include\bss-util\PriorityQueue.h">
      <Filter>Header Files</Filter>
    </ClInclude>
    <ClInclude Include="..\include\bss-util\Map.h">
      <Filter>Header Files</Filter>
    </ClInclude>
    <ClInclude Include="..\include\bss-util\LocklessQueue.h">
      <Filter>Header Files</Filter>
    </ClInclude>
    <ClInclude Include="..\include\bss-util\LinkedList.h">
      <Filter>Header Files</Filter>
    </ClInclude>
    <ClInclude Include="..\include\bss-util\LinkedArray.h">
      <Filter>Header Files</Filter>
    </ClInclude>
    <ClInclude Include="..\include\bss-util\KDTree.h">
      <Filter>Header Files</Filter>
    </ClInclude>
    <ClInclude Include="..\include\bss-util\JSON.h">
      <Filter>Header Files</Filter>
    </ClInclude>
    <ClInclude Include="..\include\bss-util\INIstorage.h">
      <Filter>Header Files</Filter>
    </ClInclude>
    <ClInclude Include="..\include\bss-util\INIsection.h">
      <Filter>Header Files</Filter>
    </ClInclude>
    <ClInclude Include="..\include\bss-util\INIentry.h">
      <Filter>Header Files</Filter>
    </ClInclude>
    <ClInclude Include="..\include\bss-util\HighPrecisionTimer.h">
      <Filter>Header Files</Filter>
    </ClInclude>
    <ClInclude Include="..\include\bss-util\Hash.h">
      <Filter>Header Files</Filter>
    </ClInclude>
    <ClInclude Include="..\include\bss-util\DynArray.h">
      <Filter>Header Files</Filter>
    </ClInclude>
    <ClInclude Include="..\include\bss-util\DisjointSet.h">
      <Filter>Header Files</Filter>
    </ClInclude>
    <ClInclude Include="..\include\bss-util\CompactArray.h">
      <Filter>Header Files</Filter>
    </ClInclude>
    <ClInclude Include="..\include\bss-util\BitStream.h">
      <Filter>Header Files</Filter>
    </ClInclude>
    <ClInclude Include="..\include\bss-util\BitField.h">
      <Filter>Header Files</Filter>
    </ClInclude>
    <ClInclude Include="..\include\bss-util\BinaryHeap.h">
      <Filter>Header Files</Filter>
    </ClInclude>
    <ClInclude Include="..\include\bss-util\ArraySort.h">
      <Filter>Header Files</Filter>
    </ClInclude>
    <ClInclude Include="..\include\bss-util\ArrayCircular.h">
      <Filter>Header Files</Filter>
    </ClInclude>
    <ClInclude Include="..\include\bss-util\Array.h">
      <Filter>Header Files</Filter>
    </ClInclude>
    <ClInclude Include="..\include\bss-util\Animation.h">
      <Filter>Header Files</Filter>
    </ClInclude>
    <ClInclude Include="..\include\bss-util\AliasTable.h">
      <Filter>Header Files</Filter>
    </ClInclude>
    <ClInclude Include="..\include\bss-util\AATree.h">
      <Filter>Header Files</Filter>
    </ClInclude>
    <ClInclude Include="..\include\bss-util\vector.h">
      <Filter>Header Files</Filter>
    </ClInclude>
    <ClInclude Include="..\include\bss-util\stream.h">
      <Filter>Header Files</Filter>
    </ClInclude>
    <ClInclude Include="..\include\bss-util\Stack.h">
      <Filter>Header Files</Filter>
    </ClInclude>
    <ClInclude Include="..\include\bss-util\Queue.h">
      <Filter>Header Files</Filter>
    </ClInclude>
    <ClInclude Include="..\include\bss-util\Graph.h">
      <Filter>Header Files</Filter>
    </ClInclude>
    <ClInclude Include="..\include\bss-util\defines.h">
      <Filter>Header Files</Filter>
    </ClInclude>
    <ClInclude Include="..\include\bss-util\compiler.h">
      <Filter>Header Files</Filter>
    </ClInclude>
    <ClInclude Include="..\include\bss-util\compare.h">
      <Filter>Header Files</Filter>
    </ClInclude>
    <ClInclude Include="..\include\bss-util\RingAlloc.h">
      <Filter>Header Files</Filter>
    </ClInclude>
    <ClInclude Include="..\include\bss-util\GreedyAlloc.h">
      <Filter>Header Files</Filter>
    </ClInclude>
    <ClInclude Include="..\include\bss-util\BlockAllocMT.h">
      <Filter>Header Files</Filter>
    </ClInclude>
    <ClInclude Include="..\include\bss-util\BlockAlloc.h">
      <Filter>Header Files</Filter>
    </ClInclude>
    <ClInclude Include="..\include\bss-util\Alloc.h">
      <Filter>Header Files</Filter>
    </ClInclude>
    <ClInclude Include="..\include\bss-util\algo.h">
      <Filter>Header Files</Filter>
    </ClInclude>
    <ClInclude Include="..\include\bss-util\sseVec.h">
      <Filter>Header Files</Filter>
    </ClInclude>
    <ClInclude Include="..\include\bss-util\win32_includes.h">
      <Filter>Header Files</Filter>
    </ClInclude>
    <ClInclude Include="..\include\bss-util\RWLock.h">
      <Filter>Header Files</Filter>
    </ClInclude>
    <ClInclude Include="..\include\bss-util\Profiler.h">
      <Filter>Header Files</Filter>
    </ClInclude>
    <ClInclude Include="..\include\bss-util\Delegate.h">
      <Filter>Header Files</Filter>
    </ClInclude>
    <ClInclude Include="..\include\bss-util\Variant.h">
      <Filter>Header Files</Filter>
    </ClInclude>
    <ClInclude Include="..\include\bss-util\Logger.h">
      <Filter>Header Files</Filter>
    </ClInclude>
    <ClInclude Include="..\include\bss-util\StringTable.h">
      <Filter>Header Files</Filter>
    </ClInclude>
    <ClInclude Include="..\include\bss-util\AVLTree.h">
      <Filter>Header Files</Filter>
    </ClInclude>
    <ClInclude Include="..\include\bss-util\utf_conv.h">
      <Filter>Header Files</Filter>
    </ClInclude>
    <ClInclude Include="..\include\bss-util\Geometry.h">
      <Filter>Header Files</Filter>
    </ClInclude>
    <ClInclude Include="..\include\bss-util\Collision.h">
      <Filter>Header Files</Filter>
    </ClInclude>
    <ClInclude Include="..\include\bss-util\GreedyBlockAlloc.h">
      <Filter>Header Files</Filter>
    </ClInclude>
    <ClInclude Include="..\include\bss-util\XorshiftEngine.h">
      <Filter>Header Files</Filter>
    </ClInclude>
    <ClInclude Include="..\include\bss-util\literals.h">
      <Filter>Header Files</Filter>
    </ClInclude>
    <ClInclude Include="..\include\bss-util\CacheAlloc.h">
      <Filter>Header Files</Filter>
    </ClInclude>
    <ClInclude Include="..\include\bss-util\RandomQueue.h">
      <Filter>Header Files</Filter>
    </ClInclude>
  </ItemGroup>
  <ItemGroup>
    <ClCompile Include="bss_util.cpp">
      <Filter>Source Files</Filter>
    </ClCompile>
    <ClCompile Include="bss_util_c.c">
      <Filter>Source Files</Filter>
    </ClCompile>
    <ClCompile Include="INIParser.c">
      <Filter>Source Files</Filter>
    </ClCompile>
    <ClCompile Include="ConvertUTF.c">
      <Filter>Source Files</Filter>
    </ClCompile>
    <ClCompile Include="XML.cpp">
      <Filter>Source Files</Filter>
    </ClCompile>
    <ClCompile Include="INIstorage.cpp">
      <Filter>Source Files</Filter>
    </ClCompile>
    <ClCompile Include="INIsection.cpp">
      <Filter>Source Files</Filter>
    </ClCompile>
    <ClCompile Include="INIentry.cpp">
      <Filter>Source Files</Filter>
    </ClCompile>
    <ClCompile Include="HighPrecisionTimer.cpp">
      <Filter>Source Files</Filter>
    </ClCompile>
    <ClCompile Include="Logger.cpp">
      <Filter>Source Files</Filter>
    </ClCompile>
    <ClCompile Include="Profiler.cpp">
      <Filter>Source Files</Filter>
    </ClCompile>
    <ClCompile Include="UBJSON.cpp">
      <Filter>Source Files</Filter>
    </ClCompile>
  </ItemGroup>
  <ItemGroup>
    <ResourceCompile Include="bss-util.rc">
      <Filter>Resource Files</Filter>
    </ResourceCompile>
  </ItemGroup>
</Project>