<?xml version="1.0" encoding="utf-8"?>
<Project ToolsVersion="4.0" xmlns="http://schemas.microsoft.com/developer/msbuild/2003">
  <ItemGroup>
    <Filter Include="Source Files">
      <UniqueIdentifier>{4FC737F1-C7A5-4376-A066-2A32D752A2FF}</UniqueIdentifier>
      <Extensions>cpp;c;cc;cxx;def;odl;idl;hpj;bat;asm;asmx</Extensions>
    </Filter>
    <Filter Include="Header Files">
      <UniqueIdentifier>{93995380-89BD-4b04-88EB-625FBE52EBFB}</UniqueIdentifier>
      <Extensions>h;hpp;hxx;hm;inl;inc;xsd</Extensions>
    </Filter>
    <Filter Include="Resource Files">
      <UniqueIdentifier>{67DA6AB6-F800-4c08-8B7A-83BB121AAD01}</UniqueIdentifier>
      <Extensions>rc;ico;cur;bmp;dlg;rc2;rct;bin;rgs;gif;jpg;jpeg;jpe;resx;tiff;tif;png;wav</Extensions>
    </Filter>
  </ItemGroup>
  <ItemGroup>
    <ClInclude Include="..\include\bss-util\bss_algo.h">
      <Filter>Header Files</Filter>
    </ClInclude>
    <ClInclude Include="..\include\bss-util\bss_alloc.h">
      <Filter>Header Files</Filter>
    </ClInclude>
    <ClInclude Include="..\include\bss-util\bss_compare.h">
      <Filter>Header Files</Filter>
    </ClInclude>
    <ClInclude Include="..\include\bss-util\bss_compiler.h">
      <Filter>Header Files</Filter>
    </ClInclude>
    <ClInclude Include="..\include\bss-util\bss_defines.h">
      <Filter>Header Files</Filter>
    </ClInclude>
    <ClInclude Include="..\include\bss-util\bss_sse.h">
      <Filter>Header Files</Filter>
    </ClInclude>
    <ClInclude Include="..\include\bss-util\bss_util.h">
      <Filter>Header Files</Filter>
    </ClInclude>
    <ClInclude Include="..\include\bss-util\bss_util_c.h">
      <Filter>Header Files</Filter>
    </ClInclude>
    <ClInclude Include="..\include\bss-util\bss_win32_includes.h">
      <Filter>Header Files</Filter>
    </ClInclude>
    <ClInclude Include="..\include\bss-util\cAliasTable.h">
      <Filter>Header Files</Filter>
    </ClInclude>
    <ClInclude Include="..\include\bss-util\cArrayCircular.h">
      <Filter>Header Files</Filter>
    </ClInclude>
    <ClInclude Include="..\include\bss-util\cArraySort.h">
      <Filter>Header Files</Filter>
    </ClInclude>
    <ClInclude Include="..\include\bss-util\cAVLtree.h">
      <Filter>Header Files</Filter>
    </ClInclude>
    <ClInclude Include="..\include\bss-util\cBinaryHeap.h">
      <Filter>Header Files</Filter>
    </ClInclude>
    <ClInclude Include="..\include\bss-util\cBitField.h">
      <Filter>Header Files</Filter>
    </ClInclude>
    <ClInclude Include="..\include\bss-util\cDynArray.h">
      <Filter>Header Files</Filter>
    </ClInclude>
    <ClInclude Include="..\include\bss-util\cHighPrecisionTimer.h">
      <Filter>Header Files</Filter>
    </ClInclude>
    <ClInclude Include="..\include\bss-util\cINIstorage.h">
      <Filter>Header Files</Filter>
    </ClInclude>
    <ClInclude Include="..\include\bss-util\cLinkedArray.h">
      <Filter>Header Files</Filter>
    </ClInclude>
    <ClInclude Include="..\include\bss-util\cMap.h">
      <Filter>Header Files</Filter>
    </ClInclude>
    <ClInclude Include="..\include\bss-util\cPriorityQueue.h">
      <Filter>Header Files</Filter>
    </ClInclude>
    <ClInclude Include="..\include\bss-util\cRational.h">
      <Filter>Header Files</Filter>
    </ClInclude>
    <ClInclude Include="..\include\bss-util\cRefCounter.h">
      <Filter>Header Files</Filter>
    </ClInclude>
    <ClInclude Include="..\include\bss-util\cSingleton.h">
      <Filter>Header Files</Filter>
    </ClInclude>
    <ClInclude Include="..\include\bss-util\INIparse.h">
      <Filter>Header Files</Filter>
    </ClInclude>
    <ClInclude Include="..\include\bss-util\khash.h">
      <Filter>Header Files</Filter>
    </ClInclude>
    <ClInclude Include="..\include\bss-util\LLBase.h">
      <Filter>Header Files</Filter>
    </ClInclude>
    <ClInclude Include="..\include\bss-util\lockless.h">
      <Filter>Header Files</Filter>
    </ClInclude>
    <ClInclude Include="..\include\bss-util\os.h">
      <Filter>Header Files</Filter>
    </ClInclude>
    <ClInclude Include="..\include\bss-util\cINIentry.h">
      <Filter>Header Files</Filter>
    </ClInclude>
    <ClInclude Include="..\include\bss-util\cINIsection.h">
      <Filter>Header Files</Filter>
    </ClInclude>
    <ClInclude Include="..\include\bss-util\cLocklessQueue.h">
      <Filter>Header Files</Filter>
    </ClInclude>
    <ClInclude Include="..\include\bss-util\delegate.h">
      <Filter>Header Files</Filter>
    </ClInclude>
    <ClInclude Include="..\include\bss-util\cAnimation.h">
      <Filter>Header Files</Filter>
    </ClInclude>
    <ClInclude Include="..\include\bss-util\cDisjointSet.h">
      <Filter>Header Files</Filter>
    </ClInclude>
    <ClInclude Include="..\include\bss-util\cLinkedList.h">
      <Filter>Header Files</Filter>
    </ClInclude>
    <ClInclude Include="..\include\bss-util\cScheduler.h">
      <Filter>Header Files</Filter>
    </ClInclude>
    <ClInclude Include="..\include\bss-util\cKDTree.h">
      <Filter>Header Files</Filter>
    </ClInclude>
    <ClInclude Include="..\include\bss-util\bss_graph.h">
      <Filter>Header Files</Filter>
    </ClInclude>
    <ClInclude Include="..\include\bss-util\cBitStream.h">
      <Filter>Header Files</Filter>
    </ClInclude>
    <ClInclude Include="..\include\bss-util\cIDHash.h">
      <Filter>Header Files</Filter>
    </ClInclude>
    <ClInclude Include="..\include\bss-util\bss_queue.h">
      <Filter>Header Files</Filter>
    </ClInclude>
    <ClInclude Include="..\include\bss-util\bss_stack.h">
      <Filter>Header Files</Filter>
    </ClInclude>
    <ClInclude Include="..\include\bss-util\Dual.h">
      <Filter>Header Files</Filter>
    </ClInclude>
    <ClInclude Include="..\include\bss-util\bss_log.h">
      <Filter>Header Files</Filter>
    </ClInclude>
    <ClInclude Include="..\include\bss-util\cHash.h">
      <Filter>Header Files</Filter>
    </ClInclude>
    <ClInclude Include="..\include\bss-util\cArray.h">
      <Filter>Header Files</Filter>
    </ClInclude>
    <ClInclude Include="..\include\bss-util\profiler.h">
      <Filter>Header Files</Filter>
    </ClInclude>
    <ClInclude Include="..\include\bss-util\bss_vector.h">
      <Filter>Header Files</Filter>
    </ClInclude>
    <ClInclude Include="..\include\bss-util\cAATree.h">
      <Filter>Header Files</Filter>
    </ClInclude>
    <ClInclude Include="..\include\bss-util\bss_alloc_ring.h">
      <Filter>Header Files</Filter>
    </ClInclude>
    <ClInclude Include="..\include\bss-util\bss_alloc_greedy.h">
      <Filter>Header Files</Filter>
    </ClInclude>
    <ClInclude Include="..\include\bss-util\bss_alloc_block.h">
      <Filter>Header Files</Filter>
    </ClInclude>
    <ClInclude Include="..\include\bss-util\bss_alloc_block_MT.h">
      <Filter>Header Files</Filter>
    </ClInclude>
    <ClInclude Include="..\include\bss-util\cJSON.h">
      <Filter>Header Files</Filter>
    </ClInclude>
    <ClInclude Include="..\include\bss-util\variant.h">
      <Filter>Header Files</Filter>
    </ClInclude>
    <ClInclude Include="..\include\bss-util\bss_stream.h">
      <Filter>Header Files</Filter>
    </ClInclude>
    <ClInclude Include="..\include\bss-util\cFXAni.h">
      <Filter>Header Files</Filter>
    </ClInclude>
    <ClInclude Include="..\include\bss-util\cSerializer.h">
      <Filter>Header Files</Filter>
    </ClInclude>
    <ClInclude Include="..\include\bss-util\bss_data.h">
      <Filter>Header Files</Filter>
    </ClInclude>
    <ClInclude Include="..\include\bss-util\FixedPt.h">
      <Filter>Header Files</Filter>
    </ClInclude>
    <ClInclude Include="..\include\bss-util\rwlock.h">
      <Filter>Header Files</Filter>
    </ClInclude>
    <ClInclude Include="..\include\bss-util\cCompactArray.h">
      <Filter>Header Files</Filter>
    </ClInclude>
    <ClInclude Include="..\include\bss-util\XML.h">
      <Filter>Header Files</Filter>
    </ClInclude>
    <ClInclude Include="..\include\bss-util\UBJSON.h">
      <Filter>Header Files</Filter>
    </ClInclude>
    <ClInclude Include="..\include\bss-util\Trie.h">
      <Filter>Header Files</Filter>
    </ClInclude>
    <ClInclude Include="..\include\bss-util\TRBtree.h">
      <Filter>Header Files</Filter>
    </ClInclude>
    <ClInclude Include="..\include\bss-util\TOML.h">
      <Filter>Header Files</Filter>
    </ClInclude>
    <ClInclude Include="..\include\bss-util\ThreadPool.h">
      <Filter>Header Files</Filter>
    </ClInclude>
    <ClInclude Include="..\include\bss-util\Thread.h">
      <Filter>Header Files</Filter>
    </ClInclude>
    <ClInclude Include="..\include\bss-util\StrTable.h">
      <Filter>Header Files</Filter>
    </ClInclude>
    <ClInclude Include="..\include\bss-util\SmartPtr.h">
      <Filter>Header Files</Filter>
    </ClInclude>
    <ClInclude Include="..\include\bss-util\Str.h">
      <Filter>Header Files</Filter>
    </ClInclude>
  </ItemGroup>
  <ItemGroup>
    <ClCompile Include="bss_util.cpp">
      <Filter>Source Files</Filter>
    </ClCompile>
    <ClCompile Include="bss_util_c.c">
      <Filter>Source Files</Filter>
    </ClCompile>
    <ClCompile Include="cHighPrecisionTimer.cpp">
      <Filter>Source Files</Filter>
    </ClCompile>
    <ClCompile Include="cINIstorage.cpp">
      <Filter>Source Files</Filter>
    </ClCompile>
    <ClCompile Include="INIParser.c">
      <Filter>Source Files</Filter>
    </ClCompile>
    <ClCompile Include="cINIsection.cpp">
      <Filter>Source Files</Filter>
    </ClCompile>
    <ClCompile Include="cINIentry.cpp">
      <Filter>Source Files</Filter>
    </ClCompile>
    <ClCompile Include="bss_log.cpp">
      <Filter>Source Files</Filter>
    </ClCompile>
    <ClCompile Include="profiler.cpp">
      <Filter>Source Files</Filter>
    </ClCompile>
    <ClCompile Include="cXML.cpp">
      <Filter>Source Files</Filter>
    </ClCompile>
    <ClCompile Include="ConvertUTF.c">
      <Filter>Source Files</Filter>
    </ClCompile>
  </ItemGroup>
  <ItemGroup>
    <ResourceCompile Include="bss-util.rc">
      <Filter>Resource Files</Filter>
    </ResourceCompile>
  </ItemGroup>
</Project>