<?xml version="1.0" encoding="utf-8"?>
<Project ToolsVersion="4.0" xmlns="http://schemas.microsoft.com/developer/msbuild/2003">
  <ItemGroup>
    <Filter Include="Source Files">
      <UniqueIdentifier>{4FC737F1-C7A5-4376-A066-2A32D752A2FF}</UniqueIdentifier>
      <Extensions>cpp;c;cc;cxx;def;odl;idl;hpj;bat;asm;asmx</Extensions>
    </Filter>
    <Filter Include="Header Files">
      <UniqueIdentifier>{93995380-89BD-4b04-88EB-625FBE52EBFB}</UniqueIdentifier>
      <Extensions>h;hpp;hxx;hm;inl;inc;xsd</Extensions>
    </Filter>
    <Filter Include="Resource Files">
      <UniqueIdentifier>{67DA6AB6-F800-4c08-8B7A-83BB121AAD01}</UniqueIdentifier>
      <Extensions>rc;ico;cur;bmp;dlg;rc2;rct;bin;rgs;gif;jpg;jpeg;jpe;resx;tiff;tif;png;wav</Extensions>
    </Filter>
  </ItemGroup>
  <ItemGroup>
    <ClInclude Include="..\include\buntils\buntils.h">
      <Filter>Header Files</Filter>
    </ClInclude>
    <ClInclude Include="..\include\buntils\buntils_c.h">
      <Filter>Header Files</Filter>
    </ClInclude>
    <ClInclude Include="..\include\buntils\INIparse.h">
      <Filter>Header Files</Filter>
    </ClInclude>
    <ClInclude Include="..\include\buntils\khash.h">
      <Filter>Header Files</Filter>
    </ClInclude>
    <ClInclude Include="..\include\buntils\LLBase.h">
      <Filter>Header Files</Filter>
    </ClInclude>
    <ClInclude Include="..\include\buntils\lockless.h">
      <Filter>Header Files</Filter>
    </ClInclude>
    <ClInclude Include="..\include\buntils\os.h">
      <Filter>Header Files</Filter>
    </ClInclude>
    <ClInclude Include="..\include\buntils\Dual.h">
      <Filter>Header Files</Filter>
    </ClInclude>
    <ClInclude Include="..\include\buntils\FixedPt.h">
      <Filter>Header Files</Filter>
    </ClInclude>
    <ClInclude Include="..\include\buntils\XML.h">
      <Filter>Header Files</Filter>
    </ClInclude>
    <ClInclude Include="..\include\buntils\UBJSON.h">
      <Filter>Header Files</Filter>
    </ClInclude>
    <ClInclude Include="..\include\buntils\Trie.h">
      <Filter>Header Files</Filter>
    </ClInclude>
    <ClInclude Include="..\include\buntils\TRBtree.h">
      <Filter>Header Files</Filter>
    </ClInclude>
    <ClInclude Include="..\include\buntils\TOML.h">
      <Filter>Header Files</Filter>
    </ClInclude>
    <ClInclude Include="..\include\buntils\ThreadPool.h">
      <Filter>Header Files</Filter>
    </ClInclude>
    <ClInclude Include="..\include\buntils\Thread.h">
      <Filter>Header Files</Filter>
    </ClInclude>
    <ClInclude Include="..\include\buntils\Str.h">
      <Filter>Header Files</Filter>
    </ClInclude>
    <ClInclude Include="..\include\buntils\Singleton.h">
      <Filter>Header Files</Filter>
    </ClInclude>
    <ClInclude Include="..\include\buntils\Serializer.h">
      <Filter>Header Files</Filter>
    </ClInclude>
    <ClInclude Include="..\include\buntils\Scheduler.h">
      <Filter>Header Files</Filter>
    </ClInclude>
    <ClInclude Include="..\include\buntils\RefCounter.h">
      <Filter>Header Files</Filter>
    </ClInclude>
    <ClInclude Include="..\include\buntils\Rational.h">
      <Filter>Header Files</Filter>
    </ClInclude>
    <ClInclude Include="..\include\buntils\PriorityQueue.h">
      <Filter>Header Files</Filter>
    </ClInclude>
    <ClInclude Include="..\include\buntils\Map.h">
      <Filter>Header Files</Filter>
    </ClInclude>
    <ClInclude Include="..\include\buntils\LocklessQueue.h">
      <Filter>Header Files</Filter>
    </ClInclude>
    <ClInclude Include="..\include\buntils\LinkedList.h">
      <Filter>Header Files</Filter>
    </ClInclude>
    <ClInclude Include="..\include\buntils\LinkedArray.h">
      <Filter>Header Files</Filter>
    </ClInclude>
    <ClInclude Include="..\include\buntils\KDTree.h">
      <Filter>Header Files</Filter>
    </ClInclude>
    <ClInclude Include="..\include\buntils\JSON.h">
      <Filter>Header Files</Filter>
    </ClInclude>
    <ClInclude Include="..\include\buntils\INIstorage.h">
      <Filter>Header Files</Filter>
    </ClInclude>
    <ClInclude Include="..\include\buntils\INIsection.h">
      <Filter>Header Files</Filter>
    </ClInclude>
    <ClInclude Include="..\include\buntils\INIentry.h">
      <Filter>Header Files</Filter>
    </ClInclude>
    <ClInclude Include="..\include\buntils\HighPrecisionTimer.h">
      <Filter>Header Files</Filter>
    </ClInclude>
    <ClInclude Include="..\include\buntils\Hash.h">
      <Filter>Header Files</Filter>
    </ClInclude>
    <ClInclude Include="..\include\buntils\DynArray.h">
      <Filter>Header Files</Filter>
    </ClInclude>
    <ClInclude Include="..\include\buntils\DisjointSet.h">
      <Filter>Header Files</Filter>
    </ClInclude>
    <ClInclude Include="..\include\buntils\CompactArray.h">
      <Filter>Header Files</Filter>
    </ClInclude>
    <ClInclude Include="..\include\buntils\BitStream.h">
      <Filter>Header Files</Filter>
    </ClInclude>
    <ClInclude Include="..\include\buntils\BitField.h">
      <Filter>Header Files</Filter>
    </ClInclude>
    <ClInclude Include="..\include\buntils\BinaryHeap.h">
      <Filter>Header Files</Filter>
    </ClInclude>
    <ClInclude Include="..\include\buntils\ArraySort.h">
      <Filter>Header Files</Filter>
    </ClInclude>
    <ClInclude Include="..\include\buntils\ArrayCircular.h">
      <Filter>Header Files</Filter>
    </ClInclude>
    <ClInclude Include="..\include\buntils\Array.h">
      <Filter>Header Files</Filter>
    </ClInclude>
    <ClInclude Include="..\include\buntils\Animation.h">
      <Filter>Header Files</Filter>
    </ClInclude>
    <ClInclude Include="..\include\buntils\AliasTable.h">
      <Filter>Header Files</Filter>
    </ClInclude>
    <ClInclude Include="..\include\buntils\AATree.h">
      <Filter>Header Files</Filter>
    </ClInclude>
    <ClInclude Include="..\include\buntils\vector.h">
      <Filter>Header Files</Filter>
    </ClInclude>
    <ClInclude Include="..\include\buntils\stream.h">
      <Filter>Header Files</Filter>
    </ClInclude>
    <ClInclude Include="..\include\buntils\Stack.h">
      <Filter>Header Files</Filter>
    </ClInclude>
    <ClInclude Include="..\include\buntils\Queue.h">
      <Filter>Header Files</Filter>
    </ClInclude>
    <ClInclude Include="..\include\buntils\Graph.h">
      <Filter>Header Files</Filter>
    </ClInclude>
    <ClInclude Include="..\include\buntils\defines.h">
      <Filter>Header Files</Filter>
    </ClInclude>
    <ClInclude Include="..\include\buntils\compiler.h">
      <Filter>Header Files</Filter>
    </ClInclude>
    <ClInclude Include="..\include\buntils\compare.h">
      <Filter>Header Files</Filter>
    </ClInclude>
    <ClInclude Include="..\include\buntils\RingAlloc.h">
      <Filter>Header Files</Filter>
    </ClInclude>
    <ClInclude Include="..\include\buntils\GreedyAlloc.h">
      <Filter>Header Files</Filter>
    </ClInclude>
    <ClInclude Include="..\include\buntils\BlockAllocMT.h">
      <Filter>Header Files</Filter>
    </ClInclude>
    <ClInclude Include="..\include\buntils\BlockAlloc.h">
      <Filter>Header Files</Filter>
    </ClInclude>
    <ClInclude Include="..\include\buntils\Alloc.h">
      <Filter>Header Files</Filter>
    </ClInclude>
    <ClInclude Include="..\include\buntils\algo.h">
      <Filter>Header Files</Filter>
    </ClInclude>
    <ClInclude Include="..\include\buntils\sseVec.h">
      <Filter>Header Files</Filter>
    </ClInclude>
    <ClInclude Include="..\include\buntils\win32_includes.h">
      <Filter>Header Files</Filter>
    </ClInclude>
    <ClInclude Include="..\include\buntils\RWLock.h">
      <Filter>Header Files</Filter>
    </ClInclude>
    <ClInclude Include="..\include\buntils\Profiler.h">
      <Filter>Header Files</Filter>
    </ClInclude>
    <ClInclude Include="..\include\buntils\Delegate.h">
      <Filter>Header Files</Filter>
    </ClInclude>
    <ClInclude Include="..\include\buntils\Variant.h">
      <Filter>Header Files</Filter>
    </ClInclude>
    <ClInclude Include="..\include\buntils\Logger.h">
      <Filter>Header Files</Filter>
    </ClInclude>
    <ClInclude Include="..\include\buntils\StringTable.h">
      <Filter>Header Files</Filter>
    </ClInclude>
    <ClInclude Include="..\include\buntils\AVLTree.h">
      <Filter>Header Files</Filter>
    </ClInclude>
    <ClInclude Include="..\include\buntils\utf_conv.h">
      <Filter>Header Files</Filter>
    </ClInclude>
    <ClInclude Include="..\include\buntils\Geometry.h">
      <Filter>Header Files</Filter>
    </ClInclude>
    <ClInclude Include="..\include\buntils\Collision.h">
      <Filter>Header Files</Filter>
    </ClInclude>
    <ClInclude Include="..\include\buntils\GreedyBlockAlloc.h">
      <Filter>Header Files</Filter>
    </ClInclude>
    <ClInclude Include="..\include\buntils\XorshiftEngine.h">
      <Filter>Header Files</Filter>
    </ClInclude>
    <ClInclude Include="..\include\buntils\literals.h">
      <Filter>Header Files</Filter>
    </ClInclude>
    <ClInclude Include="..\include\buntils\CacheAlloc.h">
      <Filter>Header Files</Filter>
    </ClInclude>
    <ClInclude Include="..\include\buntils\RandomQueue.h">
      <Filter>Header Files</Filter>
    </ClInclude>
  </ItemGroup>
  <ItemGroup>
    <ClCompile Include="buntils.cpp">
      <Filter>Source Files</Filter>
    </ClCompile>
    <ClCompile Include="buntils_c.c">
      <Filter>Source Files</Filter>
    </ClCompile>
    <ClCompile Include="INIParser.c">
      <Filter>Source Files</Filter>
    </ClCompile>
    <ClCompile Include="ConvertUTF.c">
      <Filter>Source Files</Filter>
    </ClCompile>
    <ClCompile Include="XML.cpp">
      <Filter>Source Files</Filter>
    </ClCompile>
    <ClCompile Include="INIstorage.cpp">
      <Filter>Source Files</Filter>
    </ClCompile>
    <ClCompile Include="INIsection.cpp">
      <Filter>Source Files</Filter>
    </ClCompile>
    <ClCompile Include="INIentry.cpp">
      <Filter>Source Files</Filter>
    </ClCompile>
    <ClCompile Include="HighPrecisionTimer.cpp">
      <Filter>Source Files</Filter>
    </ClCompile>
    <ClCompile Include="Logger.cpp">
      <Filter>Source Files</Filter>
    </ClCompile>
    <ClCompile Include="Profiler.cpp">
      <Filter>Source Files</Filter>
    </ClCompile>
    <ClCompile Include="UBJSON.cpp">
      <Filter>Source Files</Filter>
    </ClCompile>
  </ItemGroup>
  <ItemGroup>
    <ResourceCompile Include="buntils.rc">
      <Filter>Resource Files</Filter>
    </ResourceCompile>
  </ItemGroup>
</Project>